{
  "version": 4,
  "terraform_version": "0.12.14",
  "serial": 6,
  "lineage": "902e4614-546f-696f-ad4e-7260bc49625f",
  "outputs": {},
  "resources": [
    {
      "mode": "managed",
      "type": "aws_subnet",
      "name": "main",
      "provider": "provider.aws",
      "instances": [
        {
          "schema_version": 1,
          "attributes": {
            "arn": "arn:aws:ec2:us-east-1:496359018788:subnet/subnet-0b2ff711f06143858",
            "assign_ipv6_address_on_creation": false,
            "availability_zone": "us-east-1c",
            "availability_zone_id": "use1-az6",
            "cidr_block": "10.100.1.0/24",
            "id": "subnet-0b2ff711f06143858",
            "ipv6_cidr_block": "",
            "ipv6_cidr_block_association_id": "",
            "map_public_ip_on_launch": false,
            "outpost_arn": "",
            "owner_id": "496359018788",
            "tags": {
              "Env": "qa",
              "Location": "Banglore",
              "Name": "Subnet-1"
            },
            "timeouts": null,
            "vpc_id": "vpc-0cbb17743a36d5236"
          },
          "private": "eyJlMmJmYjczMC1lY2FhLTExZTYtOGY4OC0zNDM2M2JjN2M0YzAiOnsiY3JlYXRlIjo2MDAwMDAwMDAwMDAsImRlbGV0ZSI6MTIwMDAwMDAwMDAwMH0sInNjaGVtYV92ZXJzaW9uIjoiMSJ9",
          "dependencies": [
            "aws_vpc.main"
          ]
        }
      ]
    },
    {
      "mode": "managed",
      "type": "aws_vpc",
      "name": "main",
      "provider": "provider.aws",
      "instances": [
        {
          "schema_version": 1,
          "attributes": {
            "arn": "arn:aws:ec2:us-east-1:496359018788:vpc/vpc-0cbb17743a36d5236",
            "assign_generated_ipv6_cidr_block": false,
            "cidr_block": "10.100.0.0/16",
            "default_network_acl_id": "acl-0c64fdff7ed3ef11f",
            "default_route_table_id": "rtb-05dfa3cdd7791e70c",
            "default_security_group_id": "sg-03dc4cab92aa773c3",
            "dhcp_options_id": "dopt-2b30a851",
            "enable_classiclink": false,
            "enable_classiclink_dns_support": false,
            "enable_dns_hostnames": false,
            "enable_dns_support": true,
            "id": "vpc-0cbb17743a36d5236",
            "instance_tenancy": "default",
            "ipv6_association_id": "",
            "ipv6_cidr_block": "",
            "main_route_table_id": "rtb-05dfa3cdd7791e70c",
            "owner_id": "496359018788",
            "tags": {
              "Batch": "weekend-2020",
              "Env": "qa",
              "Name": "terraform-vpc"
            }
          },
          "private": "eyJzY2hlbWFfdmVyc2lvbiI6IjEifQ=="
        }
      ]
    }
  ]
}
