{
  "version": 4,
  "terraform_version": "0.12.14",
  "serial": 44,
  "lineage": "6edb56c6-558a-ff15-05eb-ec2a7b2b9c8d",
  "outputs": {
    "account_id": {
      "value": "496359018788",
      "type": "string"
    },
    "azs": {
      "value": [
        "us-east-1a",
        "us-east-1b",
        "us-east-1c",
        "us-east-1d",
        "us-east-1e",
        "us-east-1f"
      ],
      "type": [
        "list",
        "string"
      ]
    },
    "vpc_id": {
      "value": "vpc-075eb0697f9bab692",
      "type": "string"
    }
  },
  "resources": [
    {
      "mode": "data",
      "type": "aws_availability_zones",
      "name": "azs",
      "provider": "provider.aws",
      "instances": [
        {
          "schema_version": 0,
          "attributes": {
            "all_availability_zones": null,
            "exclude_names": null,
            "exclude_zone_ids": null,
            "filter": null,
            "group_names": [
              "us-east-1"
            ],
            "id": "2020-09-26 04:22:02.04684 +0000 UTC",
            "names": [
              "us-east-1a",
              "us-east-1b",
              "us-east-1c",
              "us-east-1d",
              "us-east-1e",
              "us-east-1f"
            ],
            "state": "available",
            "zone_ids": [
              "use1-az2",
              "use1-az4",
              "use1-az6",
              "use1-az1",
              "use1-az3",
              "use1-az5"
            ]
          }
        }
      ]
    },
    {
      "mode": "data",
      "type": "aws_caller_identity",
      "name": "current",
      "provider": "provider.aws",
      "instances": [
        {
          "schema_version": 0,
          "attributes": {
            "account_id": "496359018788",
            "arn": "arn:aws:iam::496359018788:user/amplify-user",
            "id": "2020-09-26 04:22:02.944621 +0000 UTC",
            "user_id": "AIDAXHEKNSESAF5IPDHLL"
          }
        }
      ]
    },
    {
      "mode": "managed",
      "type": "aws_subnet",
      "name": "main",
      "each": "list",
      "provider": "provider.aws",
      "instances": [
        {
          "index_key": 0,
          "schema_version": 1,
          "attributes": {
            "arn": "arn:aws:ec2:us-east-1:496359018788:subnet/subnet-01a5241b6992424e0",
            "assign_ipv6_address_on_creation": false,
            "availability_zone": "us-east-1a",
            "availability_zone_id": "use1-az2",
            "cidr_block": "10.0.0.0/24",
            "id": "subnet-01a5241b6992424e0",
            "ipv6_cidr_block": "",
            "ipv6_cidr_block_association_id": "",
            "map_public_ip_on_launch": false,
            "outpost_arn": "",
            "owner_id": "496359018788",
            "tags": {
              "Name": "Subnet-1"
            },
            "timeouts": null,
            "vpc_id": "vpc-075eb0697f9bab692"
          },
          "private": "eyJlMmJmYjczMC1lY2FhLTExZTYtOGY4OC0zNDM2M2JjN2M0YzAiOnsiY3JlYXRlIjo2MDAwMDAwMDAwMDAsImRlbGV0ZSI6MTIwMDAwMDAwMDAwMH0sInNjaGVtYV92ZXJzaW9uIjoiMSJ9",
          "dependencies": [
            "aws_vpc.main"
          ]
        },
        {
          "index_key": 1,
          "schema_version": 1,
          "attributes": {
            "arn": "arn:aws:ec2:us-east-1:496359018788:subnet/subnet-025d5a3267be4c553",
            "assign_ipv6_address_on_creation": false,
            "availability_zone": "us-east-1b",
            "availability_zone_id": "use1-az4",
            "cidr_block": "10.0.1.0/24",
            "id": "subnet-025d5a3267be4c553",
            "ipv6_cidr_block": "",
            "ipv6_cidr_block_association_id": "",
            "map_public_ip_on_launch": false,
            "outpost_arn": "",
            "owner_id": "496359018788",
            "tags": {
              "Name": "Subnet-2"
            },
            "timeouts": null,
            "vpc_id": "vpc-075eb0697f9bab692"
          },
          "private": "eyJlMmJmYjczMC1lY2FhLTExZTYtOGY4OC0zNDM2M2JjN2M0YzAiOnsiY3JlYXRlIjo2MDAwMDAwMDAwMDAsImRlbGV0ZSI6MTIwMDAwMDAwMDAwMH0sInNjaGVtYV92ZXJzaW9uIjoiMSJ9",
          "dependencies": [
            "aws_vpc.main"
          ]
        },
        {
          "index_key": 2,
          "schema_version": 1,
          "attributes": {
            "arn": "arn:aws:ec2:us-east-1:496359018788:subnet/subnet-05292fe4e244229c4",
            "assign_ipv6_address_on_creation": false,
            "availability_zone": "us-east-1c",
            "availability_zone_id": "use1-az6",
            "cidr_block": "10.0.2.0/24",
            "id": "subnet-05292fe4e244229c4",
            "ipv6_cidr_block": "",
            "ipv6_cidr_block_association_id": "",
            "map_public_ip_on_launch": false,
            "outpost_arn": "",
            "owner_id": "496359018788",
            "tags": {
              "Name": "Subnet-3"
            },
            "timeouts": null,
            "vpc_id": "vpc-075eb0697f9bab692"
          },
          "private": "eyJlMmJmYjczMC1lY2FhLTExZTYtOGY4OC0zNDM2M2JjN2M0YzAiOnsiY3JlYXRlIjo2MDAwMDAwMDAwMDAsImRlbGV0ZSI6MTIwMDAwMDAwMDAwMH0sInNjaGVtYV92ZXJzaW9uIjoiMSJ9",
          "dependencies": [
            "aws_vpc.main"
          ]
        },
        {
          "index_key": 3,
          "schema_version": 1,
          "attributes": {
            "arn": "arn:aws:ec2:us-east-1:496359018788:subnet/subnet-00d7fc9de8eb34003",
            "assign_ipv6_address_on_creation": false,
            "availability_zone": "us-east-1d",
            "availability_zone_id": "use1-az1",
            "cidr_block": "10.0.3.0/24",
            "id": "subnet-00d7fc9de8eb34003",
            "ipv6_cidr_block": "",
            "ipv6_cidr_block_association_id": "",
            "map_public_ip_on_launch": false,
            "outpost_arn": "",
            "owner_id": "496359018788",
            "tags": {
              "Name": "Subnet-4"
            },
            "timeouts": null,
            "vpc_id": "vpc-075eb0697f9bab692"
          },
          "private": "eyJlMmJmYjczMC1lY2FhLTExZTYtOGY4OC0zNDM2M2JjN2M0YzAiOnsiY3JlYXRlIjo2MDAwMDAwMDAwMDAsImRlbGV0ZSI6MTIwMDAwMDAwMDAwMH0sInNjaGVtYV92ZXJzaW9uIjoiMSJ9",
          "dependencies": [
            "aws_vpc.main"
          ]
        },
        {
          "index_key": 4,
          "schema_version": 1,
          "attributes": {
            "arn": "arn:aws:ec2:us-east-1:496359018788:subnet/subnet-0cddb40aa72d632de",
            "assign_ipv6_address_on_creation": false,
            "availability_zone": "us-east-1e",
            "availability_zone_id": "use1-az3",
            "cidr_block": "10.0.4.0/24",
            "id": "subnet-0cddb40aa72d632de",
            "ipv6_cidr_block": "",
            "ipv6_cidr_block_association_id": "",
            "map_public_ip_on_launch": false,
            "outpost_arn": "",
            "owner_id": "496359018788",
            "tags": {
              "Name": "Subnet-5"
            },
            "timeouts": null,
            "vpc_id": "vpc-075eb0697f9bab692"
          },
          "private": "eyJlMmJmYjczMC1lY2FhLTExZTYtOGY4OC0zNDM2M2JjN2M0YzAiOnsiY3JlYXRlIjo2MDAwMDAwMDAwMDAsImRlbGV0ZSI6MTIwMDAwMDAwMDAwMH0sInNjaGVtYV92ZXJzaW9uIjoiMSJ9",
          "dependencies": [
            "aws_vpc.main"
          ]
        },
        {
          "index_key": 5,
          "schema_version": 1,
          "attributes": {
            "arn": "arn:aws:ec2:us-east-1:496359018788:subnet/subnet-0d5d512d9baa3379b",
            "assign_ipv6_address_on_creation": false,
            "availability_zone": "us-east-1f",
            "availability_zone_id": "use1-az5",
            "cidr_block": "10.0.5.0/24",
            "id": "subnet-0d5d512d9baa3379b",
            "ipv6_cidr_block": "",
            "ipv6_cidr_block_association_id": "",
            "map_public_ip_on_launch": false,
            "outpost_arn": "",
            "owner_id": "496359018788",
            "tags": {
              "Name": "Subnet-6"
            },
            "timeouts": null,
            "vpc_id": "vpc-075eb0697f9bab692"
          },
          "private": "eyJlMmJmYjczMC1lY2FhLTExZTYtOGY4OC0zNDM2M2JjN2M0YzAiOnsiY3JlYXRlIjo2MDAwMDAwMDAwMDAsImRlbGV0ZSI6MTIwMDAwMDAwMDAwMH0sInNjaGVtYV92ZXJzaW9uIjoiMSJ9",
          "dependencies": [
            "aws_vpc.main"
          ]
        }
      ]
    },
    {
      "mode": "managed",
      "type": "aws_vpc",
      "name": "main",
      "provider": "provider.aws",
      "instances": [
        {
          "schema_version": 1,
          "attributes": {
            "arn": "arn:aws:ec2:us-east-1:496359018788:vpc/vpc-075eb0697f9bab692",
            "assign_generated_ipv6_cidr_block": false,
            "cidr_block": "10.0.0.0/16",
            "default_network_acl_id": "acl-0cba92da1e7409f9c",
            "default_route_table_id": "rtb-0fd3e06e08cc29aba",
            "default_security_group_id": "sg-0d1c5f4e7221ee7e8",
            "dhcp_options_id": "dopt-2b30a851",
            "enable_classiclink": false,
            "enable_classiclink_dns_support": false,
            "enable_dns_hostnames": false,
            "enable_dns_support": true,
            "id": "vpc-075eb0697f9bab692",
            "instance_tenancy": "default",
            "ipv6_association_id": "",
            "ipv6_cidr_block": "",
            "main_route_table_id": "rtb-0fd3e06e08cc29aba",
            "owner_id": "496359018788",
            "tags": {
              "Batch": "weekend-2020",
              "Env": "dev",
              "Name": "terraform-vpc"
            }
          },
          "private": "eyJzY2hlbWFfdmVyc2lvbiI6IjEifQ=="
        }
      ]
    }
  ]
}
